
Microsoft Visual Studio Solution File, Format Version 12.00
# Visual Studio 15
VisualStudioVersion = 15.0.28307.168
MinimumVisualStudioVersion = 10.0.40219.1
Project("{9A19103F-16F7-4668-BE54-9A1E7A4F7556}") = "DAIS", "DAIS\DAIS.csproj", "{D84F1C80-EDC8-4ED7-A2BF-8C2053B91924}"
EndProject
Global
	GlobalSection(SolutionConfigurationPlatforms) = preSolution
		Debug|Any CPU = Debug|Any CPU
		Release|Any CPU = Release|Any CPU
	EndGlobalSection
	GlobalSection(ProjectConfigurationPlatforms) = postSolution
		{D84F1C80-EDC8-4ED7-A2BF-8C2053B91924}.Debug|Any CPU.ActiveCfg = Debug|Any CPU
		{D84F1C80-EDC8-4ED7-A2BF-8C2053B91924}.Debug|Any CPU.Build.0 = Debug|Any CPU
		{D84F1C80-EDC8-4ED7-A2BF-8C2053B91924}.Release|Any CPU.ActiveCfg = Release|Any CPU
		{D84F1C80-EDC8-4ED7-A2BF-8C2053B91924}.Release|Any CPU.Build.0 = Release|Any CPU
	EndGlobalSection
	GlobalSection(SolutionProperties) = preSolution
		HideSolutionNode = FALSE
	EndGlobalSection
	GlobalSection(ExtensibilityGlobals) = postSolution
		SolutionGuid = {6115A27D-6771-4966-A1B7-73F2D218DB0F}
	EndGlobalSection
EndGlobal
